// !$*UTF8*$!
{
	archiveVersion = 1;
	classes = {
	};
	objectVersion = 56;
	objects = {

/* Begin PBXBuildFile section */
		02F8E4102AFD1FB700D9F36D /* AppDelegate.swift in Sources */ = {isa = PBXBuildFile; fileRef = 02F8E40F2AFD1FB700D9F36D /* AppDelegate.swift */; };
		02F8E4122AFD1FB700D9F36D /* SceneDelegate.swift in Sources */ = {isa = PBXBuildFile; fileRef = 02F8E4112AFD1FB700D9F36D /* SceneDelegate.swift */; };
		02F8E4142AFD1FB700D9F36D /* ViewController.swift in Sources */ = {isa = PBXBuildFile; fileRef = 02F8E4132AFD1FB700D9F36D /* ViewController.swift */; };
		02F8E4172AFD1FB700D9F36D /* Main.storyboard in Resources */ = {isa = PBXBuildFile; fileRef = 02F8E4152AFD1FB700D9F36D /* Main.storyboard */; };
		02F8E41A2AFD1FB700D9F36D /* ECommerceApp.xcdatamodeld in Sources */ = {isa = PBXBuildFile; fileRef = 02F8E4182AFD1FB700D9F36D /* ECommerceApp.xcdatamodeld */; };
		02F8E41C2AFD1FB900D9F36D /* Assets.xcassets in Resources */ = {isa = PBXBuildFile; fileRef = 02F8E41B2AFD1FB900D9F36D /* Assets.xcassets */; };
		02F8E41F2AFD1FB900D9F36D /* LaunchScreen.storyboard in Resources */ = {isa = PBXBuildFile; fileRef = 02F8E41D2AFD1FB900D9F36D /* LaunchScreen.storyboard */; };
		02F8E42A2AFD1FB900D9F36D /* ECommerceAppTests.swift in Sources */ = {isa = PBXBuildFile; fileRef = 02F8E4292AFD1FB900D9F36D /* ECommerceAppTests.swift */; };
		02F8E4342AFD1FB900D9F36D /* ECommerceAppUITests.swift in Sources */ = {isa = PBXBuildFile; fileRef = 02F8E4332AFD1FB900D9F36D /* ECommerceAppUITests.swift */; };
		02F8E4362AFD1FB900D9F36D /* ECommerceAppUITestsLaunchTests.swift in Sources */ = {isa = PBXBuildFile; fileRef = 02F8E4352AFD1FB900D9F36D /* ECommerceAppUITestsLaunchTests.swift */; };
/* End PBXBuildFile section */

/* Begin PBXContainerItemProxy section */
		02F8E4262AFD1FB900D9F36D /* PBXContainerItemProxy */ = {
			isa = PBXContainerItemProxy;
			containerPortal = 02F8E4042AFD1FB700D9F36D /* Project object */;
			proxyType = 1;
			remoteGlobalIDString = 02F8E40B2AFD1FB700D9F36D;
			remoteInfo = ECommerceApp;
		};
		02F8E4302AFD1FB900D9F36D /* PBXContainerItemProxy */ = {
			isa = PBXContainerItemProxy;
			containerPortal = 02F8E4042AFD1FB700D9F36D /* Project object */;
			proxyType = 1;
			remoteGlobalIDString = 02F8E40B2AFD1FB700D9F36D;
			remoteInfo = ECommerceApp;
		};
/* End PBXContainerItemProxy section */

/* Begin PBXFileReference section */
		02F8E40C2AFD1FB700D9F36D /* ECommerceApp.app */ = {isa = PBXFileReference; explicitFileType = wrapper.application; includeInIndex = 0; path = ECommerceApp.app; sourceTree = BUILT_PRODUCTS_DIR; };
		02F8E40F2AFD1FB700D9F36D /* AppDelegate.swift */ = {isa = PBXFileReference; lastKnownFileType = sourcecode.swift; path = AppDelegate.swift; sourceTree = "<group>"; };
		02F8E4112AFD1FB700D9F36D /* SceneDelegate.swift */ = {isa = PBXFileReference; lastKnownFileType = sourcecode.swift; path = SceneDelegate.swift; sourceTree = "<group>"; };
		02F8E4132AFD1FB700D9F36D /* ViewController.swift */ = {isa = PBXFileReference; lastKnownFileType = sourcecode.swift; path = ViewController.swift; sourceTree = "<group>"; };
		02F8E4162AFD1FB700D9F36D /* Base */ = {isa = PBXFileReference; lastKnownFileType = file.storyboard; name = Base; path = Base.lproj/Main.storyboard; sourceTree = "<group>"; };
		02F8E4192AFD1FB700D9F36D /* ECommerceApp.xcdatamodel */ = {isa = PBXFileReference; lastKnownFileType = wrapper.xcdatamodel; path = ECommerceApp.xcdatamodel; sourceTree = "<group>"; };
		02F8E41B2AFD1FB900D9F36D /* Assets.xcassets */ = {isa = PBXFileReference; lastKnownFileType = folder.assetcatalog; path = Assets.xcassets; sourceTree = "<group>"; };
		02F8E41E2AFD1FB900D9F36D /* Base */ = {isa = PBXFileReference; lastKnownFileType = file.storyboard; name = Base; path = Base.lproj/LaunchScreen.storyboard; sourceTree = "<group>"; };
		02F8E4202AFD1FB900D9F36D /* Info.plist */ = {isa = PBXFileReference; lastKnownFileType = text.plist.xml; path = Info.plist; sourceTree = "<group>"; };
		02F8E4252AFD1FB900D9F36D /* ECommerceAppTests.xctest */ = {isa = PBXFileReference; explicitFileType = wrapper.cfbundle; includeInIndex = 0; path = ECommerceAppTests.xctest; sourceTree = BUILT_PRODUCTS_DIR; };
		02F8E4292AFD1FB900D9F36D /* ECommerceAppTests.swift */ = {isa = PBXFileReference; lastKnownFileType = sourcecode.swift; path = ECommerceAppTests.swift; sourceTree = "<group>"; };
		02F8E42F2AFD1FB900D9F36D /* ECommerceAppUITests.xctest */ = {isa = PBXFileReference; explicitFileType = wrapper.cfbundle; includeInIndex = 0; path = ECommerceAppUITests.xctest; sourceTree = BUILT_PRODUCTS_DIR; };
		02F8E4332AFD1FB900D9F36D /* ECommerceAppUITests.swift */ = {isa = PBXFileReference; lastKnownFileType = sourcecode.swift; path = ECommerceAppUITests.swift; sourceTree = "<group>"; };
		02F8E4352AFD1FB900D9F36D /* ECommerceAppUITestsLaunchTests.swift */ = {isa = PBXFileReference; lastKnownFileType = sourcecode.swift; path = ECommerceAppUITestsLaunchTests.swift; sourceTree = "<group>"; };
/* End PBXFileReference section */

/* Begin PBXFrameworksBuildPhase section */
		02F8E4092AFD1FB700D9F36D /* Frameworks */ = {
			isa = PBXFrameworksBuildPhase;
			buildActionMask = 2147483647;
			files = (
			);
			runOnlyForDeploymentPostprocessing = 0;
		};
		02F8E4222AFD1FB900D9F36D /* Frameworks */ = {
			isa = PBXFrameworksBuildPhase;
			buildActionMask = 2147483647;
			files = (
			);
			runOnlyForDeploymentPostprocessing = 0;
		};
		02F8E42C2AFD1FB900D9F36D /* Frameworks */ = {
			isa = PBXFrameworksBuildPhase;
			buildActionMask = 2147483647;
			files = (
			);
			runOnlyForDeploymentPostprocessing = 0;
		};
/* End PBXFrameworksBuildPhase section */

/* Begin PBXGroup section */
		02F8E4032AFD1FB700D9F36D = {
			isa = PBXGroup;
			children = (
				02F8E40E2AFD1FB700D9F36D /* ECommerceApp */,
				02F8E4282AFD1FB900D9F36D /* ECommerceAppTests */,
				02F8E4322AFD1FB900D9F36D /* ECommerceAppUITests */,
				02F8E40D2AFD1FB700D9F36D /* Products */,
			);
			sourceTree = "<group>";
		};
		02F8E40D2AFD1FB700D9F36D /* Products */ = {
			isa = PBXGroup;
			children = (
				02F8E40C2AFD1FB700D9F36D /* ECommerceApp.app */,
				02F8E4252AFD1FB900D9F36D /* ECommerceAppTests.xctest */,
				02F8E42F2AFD1FB900D9F36D /* ECommerceAppUITests.xctest */,
			);
			name = Products;
			sourceTree = "<group>";
		};
		02F8E40E2AFD1FB700D9F36D /* ECommerceApp */ = {
			isa = PBXGroup;
			children = (
				02F8E40F2AFD1FB700D9F36D /* AppDelegate.swift */,
				02F8E4112AFD1FB700D9F36D /* SceneDelegate.swift */,
				02F8E4132AFD1FB700D9F36D /* ViewController.swift */,
				02F8E4152AFD1FB700D9F36D /* Main.storyboard */,
				02F8E41B2AFD1FB900D9F36D /* Assets.xcassets */,
				02F8E41D2AFD1FB900D9F36D /* LaunchScreen.storyboard */,
				02F8E4202AFD1FB900D9F36D /* Info.plist */,
				02F8E4182AFD1FB700D9F36D /* ECommerceApp.xcdatamodeld */,
			);
			path = ECommerceApp;
			sourceTree = "<group>";
		};
		02F8E4282AFD1FB900D9F36D /* ECommerceAppTests */ = {
			isa = PBXGroup;
			children = (
				02F8E4292AFD1FB900D9F36D /* ECommerceAppTests.swift */,
			);
			path = ECommerceAppTests;
			sourceTree = "<group>";
		};
		02F8E4322AFD1FB900D9F36D /* ECommerceAppUITests */ = {
			isa = PBXGroup;
			children = (
				02F8E4332AFD1FB900D9F36D /* ECommerceAppUITests.swift */,
				02F8E4352AFD1FB900D9F36D /* ECommerceAppUITestsLaunchTests.swift */,
			);
			path = ECommerceAppUITests;
			sourceTree = "<group>";
		};
/* End PBXGroup section */

/* Begin PBXNativeTarget section */
		02F8E40B2AFD1FB700D9F36D /* ECommerceApp */ = {
			isa = PBXNativeTarget;
			buildConfigurationList = 02F8E4392AFD1FB900D9F36D /* Build configuration list for PBXNativeTarget "ECommerceApp" */;
			buildPhases = (
				02F8E4082AFD1FB700D9F36D /* Sources */,
				02F8E4092AFD1FB700D9F36D /* Frameworks */,
				02F8E40A2AFD1FB700D9F36D /* Resources */,
			);
			buildRules = (
			);
			dependencies = (
			);
			name = ECommerceApp;
			productName = ECommerceApp;
			productReference = 02F8E40C2AFD1FB700D9F36D /* ECommerceApp.app */;
			productType = "com.apple.product-type.application";
		};
		02F8E4242AFD1FB900D9F36D /* ECommerceAppTests */ = {
			isa = PBXNativeTarget;
			buildConfigurationList = 02F8E43C2AFD1FB900D9F36D /* Build configuration list for PBXNativeTarget "ECommerceAppTests" */;
			buildPhases = (
				02F8E4212AFD1FB900D9F36D /* Sources */,
				02F8E4222AFD1FB900D9F36D /* Frameworks */,
				02F8E4232AFD1FB900D9F36D /* Resources */,
			);
			buildRules = (
			);
			dependencies = (
				02F8E4272AFD1FB900D9F36D /* PBXTargetDependency */,
			);
			name = ECommerceAppTests;
			productName = ECommerceAppTests;
			productReference = 02F8E4252AFD1FB900D9F36D /* ECommerceAppTests.xctest */;
			productType = "com.apple.product-type.bundle.unit-test";
		};
		02F8E42E2AFD1FB900D9F36D /* ECommerceAppUITests */ = {
			isa = PBXNativeTarget;
			buildConfigurationList = 02F8E43F2AFD1FB900D9F36D /* Build configuration list for PBXNativeTarget "ECommerceAppUITests" */;
			buildPhases = (
				02F8E42B2AFD1FB900D9F36D /* Sources */,
				02F8E42C2AFD1FB900D9F36D /* Frameworks */,
				02F8E42D2AFD1FB900D9F36D /* Resources */,
			);
			buildRules = (
			);
			dependencies = (
				02F8E4312AFD1FB900D9F36D /* PBXTargetDependency */,
			);
			name = ECommerceAppUITests;
			productName = ECommerceAppUITests;
			productReference = 02F8E42F2AFD1FB900D9F36D /* ECommerceAppUITests.xctest */;
			productType = "com.apple.product-type.bundle.ui-testing";
		};
/* End PBXNativeTarget section */

/* Begin PBXProject section */
		02F8E4042AFD1FB700D9F36D /* Project object */ = {
			isa = PBXProject;
			attributes = {
				BuildIndependentTargetsInParallel = 1;
				LastSwiftUpdateCheck = 1500;
				LastUpgradeCheck = 1500;
				TargetAttributes = {
					02F8E40B2AFD1FB700D9F36D = {
						CreatedOnToolsVersion = 15.0;
					};
					02F8E4242AFD1FB900D9F36D = {
						CreatedOnToolsVersion = 15.0;
						TestTargetID = 02F8E40B2AFD1FB700D9F36D;
					};
					02F8E42E2AFD1FB900D9F36D = {
						CreatedOnToolsVersion = 15.0;
						TestTargetID = 02F8E40B2AFD1FB700D9F36D;
					};
				};
			};
			buildConfigurationList = 02F8E4072AFD1FB700D9F36D /* Build configuration list for PBXProject "ECommerceApp" */;
			compatibilityVersion = "Xcode 14.0";
			developmentRegion = en;
			hasScannedForEncodings = 0;
			knownRegions = (
				en,
				Base,
			);
			mainGroup = 02F8E4032AFD1FB700D9F36D;
			productRefGroup = 02F8E40D2AFD1FB700D9F36D /* Products */;
			projectDirPath = "";
			projectRoot = "";
			targets = (
				02F8E40B2AFD1FB700D9F36D /* ECommerceApp */,
				02F8E4242AFD1FB900D9F36D /* ECommerceAppTests */,
				02F8E42E2AFD1FB900D9F36D /* ECommerceAppUITests */,
			);
		};
/* End PBXProject section */

/* Begin PBXResourcesBuildPhase section */
		02F8E40A2AFD1FB700D9F36D /* Resources */ = {
			isa = PBXResourcesBuildPhase;
			buildActionMask = 2147483647;
			files = (
				02F8E41F2AFD1FB900D9F36D /* LaunchScreen.storyboard in Resources */,
				02F8E41C2AFD1FB900D9F36D /* Assets.xcassets in Resources */,
				02F8E4172AFD1FB700D9F36D /* Main.storyboard in Resources */,
			);
			runOnlyForDeploymentPostprocessing = 0;
		};
		02F8E4232AFD1FB900D9F36D /* Resources */ = {
			isa = PBXResourcesBuildPhase;
			buildActionMask = 2147483647;
			files = (
			);
			runOnlyForDeploymentPostprocessing = 0;
		};
		02F8E42D2AFD1FB900D9F36D /* Resources */ = {
			isa = PBXResourcesBuildPhase;
			buildActionMask = 2147483647;
			files = (
			);
			runOnlyForDeploymentPostprocessing = 0;
		};
/* End PBXResourcesBuildPhase section */

/* Begin PBXSourcesBuildPhase section */
		02F8E4082AFD1FB700D9F36D /* Sources */ = {
			isa = PBXSourcesBuildPhase;
			buildActionMask = 2147483647;
			files = (
				02F8E4142AFD1FB700D9F36D /* ViewController.swift in Sources */,
				02F8E4102AFD1FB700D9F36D /* AppDelegate.swift in Sources */,
				02F8E41A2AFD1FB700D9F36D /* ECommerceApp.xcdatamodeld in Sources */,
				02F8E4122AFD1FB700D9F36D /* SceneDelegate.swift in Sources */,
			);
			runOnlyForDeploymentPostprocessing = 0;
		};
		02F8E4212AFD1FB900D9F36D /* Sources */ = {
			isa = PBXSourcesBuildPhase;
			buildActionMask = 2147483647;
			files = (
				02F8E42A2AFD1FB900D9F36D /* ECommerceAppTests.swift in Sources */,
			);
			runOnlyForDeploymentPostprocessing = 0;
		};
		02F8E42B2AFD1FB900D9F36D /* Sources */ = {
			isa = PBXSourcesBuildPhase;
			buildActionMask = 2147483647;
			files = (
				02F8E4342AFD1FB900D9F36D /* ECommerceAppUITests.swift in Sources */,
				02F8E4362AFD1FB900D9F36D /* ECommerceAppUITestsLaunchTests.swift in Sources */,
			);
			runOnlyForDeploymentPostprocessing = 0;
		};
/* End PBXSourcesBuildPhase section */

/* Begin PBXTargetDependency section */
		02F8E4272AFD1FB900D9F36D /* PBXTargetDependency */ = {
			isa = PBXTargetDependency;
			target = 02F8E40B2AFD1FB700D9F36D /* ECommerceApp */;
			targetProxy = 02F8E4262AFD1FB900D9F36D /* PBXContainerItemProxy */;
		};
		02F8E4312AFD1FB900D9F36D /* PBXTargetDependency */ = {
			isa = PBXTargetDependency;
			target = 02F8E40B2AFD1FB700D9F36D /* ECommerceApp */;
			targetProxy = 02F8E4302AFD1FB900D9F36D /* PBXContainerItemProxy */;
		};
/* End PBXTargetDependency section */

/* Begin PBXVariantGroup section */
		02F8E4152AFD1FB700D9F36D /* Main.storyboard */ = {
			isa = PBXVariantGroup;
			children = (
				02F8E4162AFD1FB700D9F36D /* Base */,
			);
			name = Main.storyboard;
			sourceTree = "<group>";
		};
		02F8E41D2AFD1FB900D9F36D /* LaunchScreen.storyboard */ = {
			isa = PBXVariantGroup;
			children = (
				02F8E41E2AFD1FB900D9F36D /* Base */,
			);
			name = LaunchScreen.storyboard;
			sourceTree = "<group>";
		};
/* End PBXVariantGroup section */

/* Begin XCBuildConfiguration section */
		02F8E4372AFD1FB900D9F36D /* Debug */ = {
			isa = XCBuildConfiguration;
			buildSettings = {
				ALWAYS_SEARCH_USER_PATHS = NO;
				ASSETCATALOG_COMPILER_GENERATE_SWIFT_ASSET_SYMBOL_EXTENSIONS = YES;
				CLANG_ANALYZER_NONNULL = YES;
				CLANG_ANALYZER_NUMBER_OBJECT_CONVERSION = YES_AGGRESSIVE;
				CLANG_CXX_LANGUAGE_STANDARD = "gnu++20";
				CLANG_ENABLE_MODULES = YES;
				CLANG_ENABLE_OBJC_ARC = YES;
				CLANG_ENABLE_OBJC_WEAK = YES;
				CLANG_WARN_BLOCK_CAPTURE_AUTORELEASING = YES;
				CLANG_WARN_BOOL_CONVERSION = YES;
				CLANG_WARN_COMMA = YES;
				CLANG_WARN_CONSTANT_CONVERSION = YES;
				CLANG_WARN_DEPRECATED_OBJC_IMPLEMENTATIONS = YES;
				CLANG_WARN_DIRECT_OBJC_ISA_USAGE = YES_ERROR;
				CLANG_WARN_DOCUMENTATION_COMMENTS = YES;
				CLANG_WARN_EMPTY_BODY = YES;
				CLANG_WARN_ENUM_CONVERSION = YES;
				CLANG_WARN_INFINITE_RECURSION = YES;
				CLANG_WARN_INT_CONVERSION = YES;
				CLANG_WARN_NON_LITERAL_NULL_CONVERSION = YES;
				CLANG_WARN_OBJC_IMPLICIT_RETAIN_SELF = YES;
				CLANG_WARN_OBJC_LITERAL_CONVERSION = YES;
				CLANG_WARN_OBJC_ROOT_CLASS = YES_ERROR;
				CLANG_WARN_QUOTED_INCLUDE_IN_FRAMEWORK_HEADER = YES;
				CLANG_WARN_RANGE_LOOP_ANALYSIS = YES;
				CLANG_WARN_STRICT_PROTOTYPES = YES;
				CLANG_WARN_SUSPICIOUS_MOVE = YES;
				CLANG_WARN_UNGUARDED_AVAILABILITY = YES_AGGRESSIVE;
				CLANG_WARN_UNREACHABLE_CODE = YES;
				CLANG_WARN__DUPLICATE_METHOD_MATCH = YES;
				COPY_PHASE_STRIP = NO;
				DEBUG_INFORMATION_FORMAT = dwarf;
				ENABLE_STRICT_OBJC_MSGSEND = YES;
				ENABLE_TESTABILITY = YES;
				ENABLE_USER_SCRIPT_SANDBOXING = YES;
				GCC_C_LANGUAGE_STANDARD = gnu17;
				GCC_DYNAMIC_NO_PIC = NO;
				GCC_NO_COMMON_BLOCKS = YES;
				GCC_OPTIMIZATION_LEVEL = 0;
				GCC_PREPROCESSOR_DEFINITIONS = (
					"DEBUG=1",
					"$(inherited)",
				);
				GCC_WARN_64_TO_32_BIT_CONVERSION = YES;
				GCC_WARN_ABOUT_RETURN_TYPE = YES_ERROR;
				GCC_WARN_UNDECLARED_SELECTOR = YES;
				GCC_WARN_UNINITIALIZED_AUTOS = YES_AGGRESSIVE;
				GCC_WARN_UNUSED_FUNCTION = YES;
				GCC_WARN_UNUSED_VARIABLE = YES;
				IPHONEOS_DEPLOYMENT_TARGET = 17.0;
				LOCALIZATION_PREFERS_STRING_CATALOGS = YES;
				MTL_ENABLE_DEBUG_INFO = INCLUDE_SOURCE;
				MTL_FAST_MATH = YES;
				ONLY_ACTIVE_ARCH = YES;
				SDKROOT = iphoneos;
				SWIFT_ACTIVE_COMPILATION_CONDITIONS = "DEBUG $(inherited)";
				SWIFT_OPTIMIZATION_LEVEL = "-Onone";
			};
			name = Debug;
		};
		02F8E4382AFD1FB900D9F36D /* Release */ = {
			isa = XCBuildConfiguration;
			buildSettings = {
				ALWAYS_SEARCH_USER_PATHS = NO;
				ASSETCATALOG_COMPILER_GENERATE_SWIFT_ASSET_SYMBOL_EXTENSIONS = YES;
				CLANG_ANALYZER_NONNULL = YES;
				CLANG_ANALYZER_NUMBER_OBJECT_CONVERSION = YES_AGGRESSIVE;
				CLANG_CXX_LANGUAGE_STANDARD = "gnu++20";
				CLANG_ENABLE_MODULES = YES;
				CLANG_ENABLE_OBJC_ARC = YES;
				CLANG_ENABLE_OBJC_WEAK = YES;
				CLANG_WARN_BLOCK_CAPTURE_AUTORELEASING = YES;
				CLANG_WARN_BOOL_CONVERSION = YES;
				CLANG_WARN_COMMA = YES;
				CLANG_WARN_CONSTANT_CONVERSION = YES;
				CLANG_WARN_DEPRECATED_OBJC_IMPLEMENTATIONS = YES;
				CLANG_WARN_DIRECT_OBJC_ISA_USAGE = YES_ERROR;
				CLANG_WARN_DOCUMENTATION_COMMENTS = YES;
				CLANG_WARN_EMPTY_BODY = YES;
				CLANG_WARN_ENUM_CONVERSION = YES;
				CLANG_WARN_INFINITE_RECURSION = YES;
				CLANG_WARN_INT_CONVERSION = YES;
				CLANG_WARN_NON_LITERAL_NULL_CONVERSION = YES;
				CLANG_WARN_OBJC_IMPLICIT_RETAIN_SELF = YES;
				CLANG_WARN_OBJC_LITERAL_CONVERSION = YES;
				CLANG_WARN_OBJC_ROOT_CLASS = YES_ERROR;
				CLANG_WARN_QUOTED_INCLUDE_IN_FRAMEWORK_HEADER = YES;
				CLANG_WARN_RANGE_LOOP_ANALYSIS = YES;
				CLANG_WARN_STRICT_PROTOTYPES = YES;
				CLANG_WARN_SUSPICIOUS_MOVE = YES;
				CLANG_WARN_UNGUARDED_AVAILABILITY = YES_AGGRESSIVE;
				CLANG_WARN_UNREACHABLE_CODE = YES;
				CLANG_WARN__DUPLICATE_METHOD_MATCH = YES;
				COPY_PHASE_STRIP = NO;
				DEBUG_INFORMATION_FORMAT = "dwarf-with-dsym";
				ENABLE_NS_ASSERTIONS = NO;
				ENABLE_STRICT_OBJC_MSGSEND = YES;
				ENABLE_USER_SCRIPT_SANDBOXING = YES;
				GCC_C_LANGUAGE_STANDARD = gnu17;
				GCC_NO_COMMON_BLOCKS = YES;
				GCC_WARN_64_TO_32_BIT_CONVERSION = YES;
				GCC_WARN_ABOUT_RETURN_TYPE = YES_ERROR;
				GCC_WARN_UNDECLARED_SELECTOR = YES;
				GCC_WARN_UNINITIALIZED_AUTOS = YES_AGGRESSIVE;
				GCC_WARN_UNUSED_FUNCTION = YES;
				GCC_WARN_UNUSED_VARIABLE = YES;
				IPHONEOS_DEPLOYMENT_TARGET = 17.0;
				LOCALIZATION_PREFERS_STRING_CATALOGS = YES;
				MTL_ENABLE_DEBUG_INFO = NO;
				MTL_FAST_MATH = YES;
				SDKROOT = iphoneos;
				SWIFT_COMPILATION_MODE = wholemodule;
				VALIDATE_PRODUCT = YES;
			};
			name = Release;
		};
		02F8E43A2AFD1FB900D9F36D /* Debug */ = {
			isa = XCBuildConfiguration;
			buildSettings = {
				ASSETCATALOG_COMPILER_APPICON_NAME = AppIcon;
				ASSETCATALOG_COMPILER_GLOBAL_ACCENT_COLOR_NAME = AccentColor;
				CODE_SIGN_STYLE = Automatic;
				CURRENT_PROJECT_VERSION = 1;
				GENERATE_INFOPLIST_FILE = YES;
				INFOPLIST_FILE = ECommerceApp/Info.plist;
				INFOPLIST_KEY_UIApplicationSupportsIndirectInputEvents = YES;
				INFOPLIST_KEY_UILaunchStoryboardName = LaunchScreen;
				INFOPLIST_KEY_UIMainStoryboardFile = Main;
				INFOPLIST_KEY_UISupportedInterfaceOrientations_iPad = "UIInterfaceOrientationPortrait UIInterfaceOrientationPortraitUpsideDown UIInterfaceOrientationLandscapeLeft UIInterfaceOrientationLandscapeRight";
				INFOPLIST_KEY_UISupportedInterfaceOrientations_iPhone = "UIInterfaceOrientationPortrait UIInterfaceOrientationLandscapeLeft UIInterfaceOrientationLandscapeRight";
				LD_RUNPATH_SEARCH_PATHS = (
					"$(inherited)",
					"@executable_path/Frameworks",
				);
				MARKETING_VERSION = 1.0;
				PRODUCT_BUNDLE_IDENTIFIER = com.musakirkkeseli.ECommerceApp;
				PRODUCT_NAME = "$(TARGET_NAME)";
				SWIFT_EMIT_LOC_STRINGS = YES;
				SWIFT_VERSION = 5.0;
				TARGETED_DEVICE_FAMILY = "1,2";
			};
			name = Debug;
		};
		02F8E43B2AFD1FB900D9F36D /* Release */ = {
			isa = XCBuildConfiguration;
			buildSettings = {
				ASSETCATALOG_COMPILER_APPICON_NAME = AppIcon;
				ASSETCATALOG_COMPILER_GLOBAL_ACCENT_COLOR_NAME = AccentColor;
				CODE_SIGN_STYLE = Automatic;
				CURRENT_PROJECT_VERSION = 1;
				GENERATE_INFOPLIST_FILE = YES;
				INFOPLIST_FILE = ECommerceApp/Info.plist;
				INFOPLIST_KEY_UIApplicationSupportsIndirectInputEvents = YES;
				INFOPLIST_KEY_UILaunchStoryboardName = LaunchScreen;
				INFOPLIST_KEY_UIMainStoryboardFile = Main;
				INFOPLIST_KEY_UISupportedInterfaceOrientations_iPad = "UIInterfaceOrientationPortrait UIInterfaceOrientationPortraitUpsideDown UIInterfaceOrientationLandscapeLeft UIInterfaceOrientationLandscapeRight";
				INFOPLIST_KEY_UISupportedInterfaceOrientations_iPhone = "UIInterfaceOrientationPortrait UIInterfaceOrientationLandscapeLeft UIInterfaceOrientationLandscapeRight";
				LD_RUNPATH_SEARCH_PATHS = (
					"$(inherited)",
					"@executable_path/Frameworks",
				);
				MARKETING_VERSION = 1.0;
				PRODUCT_BUNDLE_IDENTIFIER = com.musakirkkeseli.ECommerceApp;
				PRODUCT_NAME = "$(TARGET_NAME)";
				SWIFT_EMIT_LOC_STRINGS = YES;
				SWIFT_VERSION = 5.0;
				TARGETED_DEVICE_FAMILY = "1,2";
			};
			name = Release;
		};
		02F8E43D2AFD1FB900D9F36D /* Debug */ = {
			isa = XCBuildConfiguration;
			buildSettings = {
				ALWAYS_EMBED_SWIFT_STANDARD_LIBRARIES = YES;
				BUNDLE_LOADER = "$(TEST_HOST)";
				CODE_SIGN_STYLE = Automatic;
				CURRENT_PROJECT_VERSION = 1;
				GENERATE_INFOPLIST_FILE = YES;
				IPHONEOS_DEPLOYMENT_TARGET = 17.0;
				MARKETING_VERSION = 1.0;
				PRODUCT_BUNDLE_IDENTIFIER = com.musakirkkeseli.ECommerceAppTests;
				PRODUCT_NAME = "$(TARGET_NAME)";
				SWIFT_EMIT_LOC_STRINGS = NO;
				SWIFT_VERSION = 5.0;
				TARGETED_DEVICE_FAMILY = "1,2";
				TEST_HOST = "$(BUILT_PRODUCTS_DIR)/ECommerceApp.app/$(BUNDLE_EXECUTABLE_FOLDER_PATH)/ECommerceApp";
			};
			name = Debug;
		};
		02F8E43E2AFD1FB900D9F36D /* Release */ = {
			isa = XCBuildConfiguration;
			buildSettings = {
				ALWAYS_EMBED_SWIFT_STANDARD_LIBRARIES = YES;
				BUNDLE_LOADER = "$(TEST_HOST)";
				CODE_SIGN_STYLE = Automatic;
				CURRENT_PROJECT_VERSION = 1;
				GENERATE_INFOPLIST_FILE = YES;
				IPHONEOS_DEPLOYMENT_TARGET = 17.0;
				MARKETING_VERSION = 1.0;
				PRODUCT_BUNDLE_IDENTIFIER = com.musakirkkeseli.ECommerceAppTests;
				PRODUCT_NAME = "$(TARGET_NAME)";
				SWIFT_EMIT_LOC_STRINGS = NO;
				SWIFT_VERSION = 5.0;
				TARGETED_DEVICE_FAMILY = "1,2";
				TEST_HOST = "$(BUILT_PRODUCTS_DIR)/ECommerceApp.app/$(BUNDLE_EXECUTABLE_FOLDER_PATH)/ECommerceApp";
			};
			name = Release;
		};
		02F8E4402AFD1FB900D9F36D /* Debug */ = {
			isa = XCBuildConfiguration;
			buildSettings = {
				ALWAYS_EMBED_SWIFT_STANDARD_LIBRARIES = YES;
				CODE_SIGN_STYLE = Automatic;
				CURRENT_PROJECT_VERSION = 1;
				GENERATE_INFOPLIST_FILE = YES;
				MARKETING_VERSION = 1.0;
				PRODUCT_BUNDLE_IDENTIFIER = com.musakirkkeseli.ECommerceAppUITests;
				PRODUCT_NAME = "$(TARGET_NAME)";
				SWIFT_EMIT_LOC_STRINGS = NO;
				SWIFT_VERSION = 5.0;
				TARGETED_DEVICE_FAMILY = "1,2";
				TEST_TARGET_NAME = ECommerceApp;
			};
			name = Debug;
		};
		02F8E4412AFD1FB900D9F36D /* Release */ = {
			isa = XCBuildConfiguration;
			buildSettings = {
				ALWAYS_EMBED_SWIFT_STANDARD_LIBRARIES = YES;
				CODE_SIGN_STYLE = Automatic;
				CURRENT_PROJECT_VERSION = 1;
				GENERATE_INFOPLIST_FILE = YES;
				MARKETING_VERSION = 1.0;
				PRODUCT_BUNDLE_IDENTIFIER = com.musakirkkeseli.ECommerceAppUITests;
				PRODUCT_NAME = "$(TARGET_NAME)";
				SWIFT_EMIT_LOC_STRINGS = NO;
				SWIFT_VERSION = 5.0;
				TARGETED_DEVICE_FAMILY = "1,2";
				TEST_TARGET_NAME = ECommerceApp;
			};
			name = Release;
		};
/* End XCBuildConfiguration section */

/* Begin XCConfigurationList section */
		02F8E4072AFD1FB700D9F36D /* Build configuration list for PBXProject "ECommerceApp" */ = {
			isa = XCConfigurationList;
			buildConfigurations = (
				02F8E4372AFD1FB900D9F36D /* Debug */,
				02F8E4382AFD1FB900D9F36D /* Release */,
			);
			defaultConfigurationIsVisible = 0;
			defaultConfigurationName = Release;
		};
		02F8E4392AFD1FB900D9F36D /* Build configuration list for PBXNativeTarget "ECommerceApp" */ = {
			isa = XCConfigurationList;
			buildConfigurations = (
				02F8E43A2AFD1FB900D9F36D /* Debug */,
				02F8E43B2AFD1FB900D9F36D /* Release */,
			);
			defaultConfigurationIsVisible = 0;
			defaultConfigurationName = Release;
		};
		02F8E43C2AFD1FB900D9F36D /* Build configuration list for PBXNativeTarget "ECommerceAppTests" */ = {
			isa = XCConfigurationList;
			buildConfigurations = (
				02F8E43D2AFD1FB900D9F36D /* Debug */,
				02F8E43E2AFD1FB900D9F36D /* Release */,
			);
			defaultConfigurationIsVisible = 0;
			defaultConfigurationName = Release;
		};
		02F8E43F2AFD1FB900D9F36D /* Build configuration list for PBXNativeTarget "ECommerceAppUITests" */ = {
			isa = XCConfigurationList;
			buildConfigurations = (
				02F8E4402AFD1FB900D9F36D /* Debug */,
				02F8E4412AFD1FB900D9F36D /* Release */,
			);
			defaultConfigurationIsVisible = 0;
			defaultConfigurationName = Release;
		};
/* End XCConfigurationList section */

/* Begin XCVersionGroup section */
		02F8E4182AFD1FB700D9F36D /* ECommerceApp.xcdatamodeld */ = {
			isa = XCVersionGroup;
			children = (
				02F8E4192AFD1FB700D9F36D /* ECommerceApp.xcdatamodel */,
			);
			currentVersion = 02F8E4192AFD1FB700D9F36D /* ECommerceApp.xcdatamodel */;
			path = ECommerceApp.xcdatamodeld;
			sourceTree = "<group>";
			versionGroupType = wrapper.xcdatamodel;
		};
/* End XCVersionGroup section */
	};
	rootObject = 02F8E4042AFD1FB700D9F36D /* Project object */;
}
